<?xml version="1.0" encoding="utf-8"?>
<Project ToolsVersion="4.0" xmlns="http://schemas.microsoft.com/developer/msbuild/2003">
  <ItemGroup>
    <Filter Include="Timers">
      <UniqueIdentifier>{25de2c49-9c11-4af9-bd80-cda2e40c7749}</UniqueIdentifier>
      <Extensions>*.cpp. *.h</Extensions>
    </Filter>
    <Filter Include="TimedWaitSemaphore">
      <UniqueIdentifier>{d10748d8-bbe4-42c7-8443-536ba2fd1f6e}</UniqueIdentifier>
      <Extensions>*.cpp, *.h</Extensions>
    </Filter>
    <Filter Include="TimedSingleThreadBarrier">
      <UniqueIdentifier>{8eb5ffa0-9efc-4db1-91b4-3eedd57d66ce}</UniqueIdentifier>
    </Filter>
  </ItemGroup>
  <ItemGroup>
    <ClCompile Include="src\AbstractThreadedTimeoutUser.cpp">
      <Filter>Timers</Filter>
    </ClCompile>
    <ClCompile Include="src\SingletonTimerUtil.cpp">
      <Filter>Timers</Filter>
    </ClCompile>
    <ClCompile Include="src\StopwatchUtil.cpp">
      <Filter>Timers</Filter>
    </ClCompile>
    <ClCompile Include="src\TimerUtil.cpp">
      <Filter>Timers</Filter>
    </ClCompile>
    <ClCompile Include="src\WindowsTimerQueue.cpp">
      <Filter>Timers</Filter>
    </ClCompile>
    <ClCompile Include="src\TimedWaitSemaphore.cpp">
      <Filter>TimedWaitSemaphore</Filter>
    </ClCompile>
    <ClCompile Include="src\TimedSingleThreadBarrier.cpp">
      <Filter>TimedSingleThreadBarrier</Filter>
    </ClCompile>
  </ItemGroup>
  <ItemGroup>
    <ClInclude Include="src\AbstractThreadedTimeoutUser.h">
      <Filter>Timers</Filter>
    </ClInclude>
    <ClInclude Include="src\ITimeoutCallback.h">
      <Filter>Timers</Filter>
    </ClInclude>
    <ClInclude Include="src\SingletonTimerUtil.h">
      <Filter>Timers</Filter>
    </ClInclude>
    <ClInclude Include="src\StopwatchUtil.h">
      <Filter>Timers</Filter>
    </ClInclude>
    <ClInclude Include="src\TimerUtil.h">
      <Filter>Timers</Filter>
    </ClInclude>
    <ClInclude Include="src\WindowsTimerQueue.h">
      <Filter>Timers</Filter>
    </ClInclude>
    <ClInclude Include="src\TimedWaitSemaphore.h">
      <Filter>TimedWaitSemaphore</Filter>
    </ClInclude>
    <ClInclude Include="src\TimedSingleThreadBarrier.h">
      <Filter>TimedSingleThreadBarrier</Filter>
    </ClInclude>
  </ItemGroup>
</Project>